PODS:
  - barcode_scan (0.0.1):
    - Flutter
    - MTBBarcodeScanner
    - SwiftProtobuf
  - Flutter (1.0.0)
  - MTBBarcodeScanner (5.0.11)
  - SwiftProtobuf (1.11.0)

DEPENDENCIES:
  - barcode_scan (from `.symlinks/plugins/barcode_scan/ios`)
  - Flutter (from `Flutter`)

SPEC REPOS:
  trunk:
    - MTBBarcodeScanner
    - SwiftProtobuf

EXTERNAL SOURCES:
  barcode_scan:
    :path: ".symlinks/plugins/barcode_scan/ios"
  Flutter:
    :path: Flutter

SPEC CHECKSUMS:
  barcode_scan: a5c27959edfafaa0c771905bad0b29d6d39e4479
  Flutter: 434fef37c0980e73bb6479ef766c45957d4b510c
  MTBBarcodeScanner: f453b33c4b7dfe545d8c6484ed744d55671788cb
  SwiftProtobuf: f889fe5772f90ef7d7b8aac352d1fddf39650713

PODFILE CHECKSUM: aafe91acc616949ddb318b77800a7f51bffa2a4c

COCOAPODS: 1.10.0
